
Microsoft Visual Studio Solution File, Format Version 12.00
# Visual Studio Version 17
VisualStudioVersion = 17.10.35122.118
MinimumVisualStudioVersion = 10.0.40219.1
Project("{FAE04EC0-301F-11D3-BF4B-00C04F79EFBC}") = "TagsTool", "TagsTool\TagsTool.csproj", "{7200164A-D7C8-4616-8F60-4943A5234469}"
EndProject
Global
	GlobalSection(SolutionConfigurationPlatforms) = preSolution
		Debug|Any CPU = Debug|Any CPU
		Release|Any CPU = Release|Any CPU
	EndGlobalSection
	GlobalSection(ProjectConfigurationPlatforms) = postSolution
		{7200164A-D7C8-4616-8F60-4943A5234469}.Debug|Any CPU.ActiveCfg = Debug|Any CPU
		{7200164A-D7C8-4616-8F60-4943A5234469}.Debug|Any CPU.Build.0 = Debug|Any CPU
		{7200164A-D7C8-4616-8F60-4943A5234469}.Release|Any CPU.ActiveCfg = Release|Any CPU
		{7200164A-D7C8-4616-8F60-4943A5234469}.Release|Any CPU.Build.0 = Release|Any CPU
	EndGlobalSection
	GlobalSection(SolutionProperties) = preSolution
		HideSolutionNode = FALSE
	EndGlobalSection
	GlobalSection(ExtensibilityGlobals) = postSolution
		SolutionGuid = {836AAB27-EABC-4249-9DED-5DD7CFFEF052}
	EndGlobalSection
EndGlobal
